
Microsoft Visual Studio Solution File, Format Version 12.00
# Visual Studio Version 17
VisualStudioVersion = 17.13.35818.85 d17.13
MinimumVisualStudioVersion = 10.0.40219.1
Project("{FAE04EC0-301F-11D3-BF4B-00C04F79EFBC}") = "2,3", "2,3\2,3.csproj", "{F959B785-5635-4556-9449-19B953730E7D}"
EndProject
Global
	GlobalSection(SolutionConfigurationPlatforms) = preSolution
		Debug|Any CPU = Debug|Any CPU
		Release|Any CPU = Release|Any CPU
	EndGlobalSection
	GlobalSection(ProjectConfigurationPlatforms) = postSolution
		{F959B785-5635-4556-9449-19B953730E7D}.Debug|Any CPU.ActiveCfg = Debug|Any CPU
		{F959B785-5635-4556-9449-19B953730E7D}.Debug|Any CPU.Build.0 = Debug|Any CPU
		{F959B785-5635-4556-9449-19B953730E7D}.Release|Any CPU.ActiveCfg = Release|Any CPU
		{F959B785-5635-4556-9449-19B953730E7D}.Release|Any CPU.Build.0 = Release|Any CPU
	EndGlobalSection
	GlobalSection(SolutionProperties) = preSolution
		HideSolutionNode = FALSE
	EndGlobalSection
	GlobalSection(ExtensibilityGlobals) = postSolution
		SolutionGuid = {131457E7-7534-45AE-ACDB-C87CD9B67266}
	EndGlobalSection
EndGlobal
